
Microsoft Visual Studio Solution File, Format Version 12.00
# Visual Studio Version 16
VisualStudioVersion = 16.0.30225.117
MinimumVisualStudioVersion = 10.0.40219.1
Project("{FAE04EC0-301F-11D3-BF4B-00C04F79EFBC}") = "Vellum.Cli", "Vellum.Cli\Vellum.Cli.csproj", "{98D4645B-DB5A-462A-9EF8-11312DB0B705}"
EndProject
Global
	GlobalSection(SolutionConfigurationPlatforms) = preSolution
		Debug|Any CPU = Debug|Any CPU
		Release|Any CPU = Release|Any CPU
	EndGlobalSection
	GlobalSection(ProjectConfigurationPlatforms) = postSolution
		{98D4645B-DB5A-462A-9EF8-11312DB0B705}.Debug|Any CPU.ActiveCfg = Debug|Any CPU
		{98D4645B-DB5A-462A-9EF8-11312DB0B705}.Debug|Any CPU.Build.0 = Debug|Any CPU
		{98D4645B-DB5A-462A-9EF8-11312DB0B705}.Release|Any CPU.ActiveCfg = Release|Any CPU
		{98D4645B-DB5A-462A-9EF8-11312DB0B705}.Release|Any CPU.Build.0 = Release|Any CPU
	EndGlobalSection
	GlobalSection(SolutionProperties) = preSolution
		HideSolutionNode = FALSE
	EndGlobalSection
	GlobalSection(ExtensibilityGlobals) = postSolution
		SolutionGuid = {819C7804-7DB7-46B0-B6C6-E4B947FD5A77}
	EndGlobalSection
EndGlobal
